// !$*UTF8*$!
{
	archiveVersion = 1;
	classes = {
	};
	objectVersion = 46;
	objects = {

/* Begin PBXBuildFile section */
		3F41344B1ED6C375009E8AC7 /* StarWars.h in Headers */ = {isa = PBXBuildFile; fileRef = 3F4134491ED6C375009E8AC7 /* StarWars.h */; settings = {ATTRIBUTES = (Public, ); }; };
		3F41345B1ED6C398009E8AC7 /* Sprite.swift in Sources */ = {isa = PBXBuildFile; fileRef = 3F4134521ED6C398009E8AC7 /* Sprite.swift */; };
		3F41345C1ED6C398009E8AC7 /* SpriteRender.swift in Sources */ = {isa = PBXBuildFile; fileRef = 3F4134531ED6C398009E8AC7 /* SpriteRender.swift */; };
		3F41345D1ED6C398009E8AC7 /* StarWarsGLAnimator.swift in Sources */ = {isa = PBXBuildFile; fileRef = 3F4134541ED6C398009E8AC7 /* StarWarsGLAnimator.swift */; };
		3F41345E1ED6C398009E8AC7 /* Vector2.swift in Sources */ = {isa = PBXBuildFile; fileRef = 3F4134551ED6C398009E8AC7 /* Vector2.swift */; };
		3F41345F1ED6C398009E8AC7 /* ViewTexture.swift in Sources */ = {isa = PBXBuildFile; fileRef = 3F4134561ED6C398009E8AC7 /* ViewTexture.swift */; };
		3F4134601ED6C398009E8AC7 /* StarWarsUIDynamicAnimator.swift in Sources */ = {isa = PBXBuildFile; fileRef = 3F4134581ED6C398009E8AC7 /* StarWarsUIDynamicAnimator.swift */; };
		3F4134611ED6C398009E8AC7 /* StarWarsUIViewAnimator.swift in Sources */ = {isa = PBXBuildFile; fileRef = 3F41345A1ED6C398009E8AC7 /* StarWarsUIViewAnimator.swift */; };
/* End PBXBuildFile section */

/* Begin PBXFileReference section */
		3F4134461ED6C375009E8AC7 /* StarWars.framework */ = {isa = PBXFileReference; explicitFileType = wrapper.framework; includeInIndex = 0; path = StarWars.framework; sourceTree = BUILT_PRODUCTS_DIR; };
		3F4134491ED6C375009E8AC7 /* StarWars.h */ = {isa = PBXFileReference; lastKnownFileType = sourcecode.c.h; path = StarWars.h; sourceTree = "<group>"; };
		3F41344A1ED6C375009E8AC7 /* Info.plist */ = {isa = PBXFileReference; lastKnownFileType = text.plist.xml; path = Info.plist; sourceTree = "<group>"; };
		3F4134521ED6C398009E8AC7 /* Sprite.swift */ = {isa = PBXFileReference; fileEncoding = 4; lastKnownFileType = sourcecode.swift; path = Sprite.swift; sourceTree = "<group>"; };
		3F4134531ED6C398009E8AC7 /* SpriteRender.swift */ = {isa = PBXFileReference; fileEncoding = 4; lastKnownFileType = sourcecode.swift; path = SpriteRender.swift; sourceTree = "<group>"; };
		3F4134541ED6C398009E8AC7 /* StarWarsGLAnimator.swift */ = {isa = PBXFileReference; fileEncoding = 4; lastKnownFileType = sourcecode.swift; path = StarWarsGLAnimator.swift; sourceTree = "<group>"; };
		3F4134551ED6C398009E8AC7 /* Vector2.swift */ = {isa = PBXFileReference; fileEncoding = 4; lastKnownFileType = sourcecode.swift; path = Vector2.swift; sourceTree = "<group>"; };
		3F4134561ED6C398009E8AC7 /* ViewTexture.swift */ = {isa = PBXFileReference; fileEncoding = 4; lastKnownFileType = sourcecode.swift; path = ViewTexture.swift; sourceTree = "<group>"; };
		3F4134581ED6C398009E8AC7 /* StarWarsUIDynamicAnimator.swift */ = {isa = PBXFileReference; fileEncoding = 4; lastKnownFileType = sourcecode.swift; path = StarWarsUIDynamicAnimator.swift; sourceTree = "<group>"; };
		3F41345A1ED6C398009E8AC7 /* StarWarsUIViewAnimator.swift */ = {isa = PBXFileReference; fileEncoding = 4; lastKnownFileType = sourcecode.swift; path = StarWarsUIViewAnimator.swift; sourceTree = "<group>"; };
/* End PBXFileReference section */

/* Begin PBXFrameworksBuildPhase section */
		3F4134421ED6C375009E8AC7 /* Frameworks */ = {
			isa = PBXFrameworksBuildPhase;
			buildActionMask = 2147483647;
			files = (
			);
			runOnlyForDeploymentPostprocessing = 0;
		};
/* End PBXFrameworksBuildPhase section */

/* Begin PBXGroup section */
		3F41343C1ED6C375009E8AC7 = {
			isa = PBXGroup;
			children = (
				3F4134481ED6C375009E8AC7 /* StarWars */,
				3F4134471ED6C375009E8AC7 /* Products */,
			);
			sourceTree = "<group>";
		};
		3F4134471ED6C375009E8AC7 /* Products */ = {
			isa = PBXGroup;
			children = (
				3F4134461ED6C375009E8AC7 /* StarWars.framework */,
			);
			name = Products;
			sourceTree = "<group>";
		};
		3F4134481ED6C375009E8AC7 /* StarWars */ = {
			isa = PBXGroup;
			children = (
				3F4134491ED6C375009E8AC7 /* StarWars.h */,
				3F4134511ED6C398009E8AC7 /* StarWarsGLAnimator */,
				3F4134571ED6C398009E8AC7 /* StarWarsUIDynamicAnimator */,
				3F4134591ED6C398009E8AC7 /* StarWarsUIViewAnimator */,
				3F41344A1ED6C375009E8AC7 /* Info.plist */,
			);
			path = StarWars;
			sourceTree = "<group>";
		};
		3F4134511ED6C398009E8AC7 /* StarWarsGLAnimator */ = {
			isa = PBXGroup;
			children = (
				3F4134521ED6C398009E8AC7 /* Sprite.swift */,
				3F4134531ED6C398009E8AC7 /* SpriteRender.swift */,
				3F4134541ED6C398009E8AC7 /* StarWarsGLAnimator.swift */,
				3F4134551ED6C398009E8AC7 /* Vector2.swift */,
				3F4134561ED6C398009E8AC7 /* ViewTexture.swift */,
			);
			path = StarWarsGLAnimator;
			sourceTree = "<group>";
		};
		3F4134571ED6C398009E8AC7 /* StarWarsUIDynamicAnimator */ = {
			isa = PBXGroup;
			children = (
				3F4134581ED6C398009E8AC7 /* StarWarsUIDynamicAnimator.swift */,
			);
			path = StarWarsUIDynamicAnimator;
			sourceTree = "<group>";
		};
		3F4134591ED6C398009E8AC7 /* StarWarsUIViewAnimator */ = {
			isa = PBXGroup;
			children = (
				3F41345A1ED6C398009E8AC7 /* StarWarsUIViewAnimator.swift */,
			);
			path = StarWarsUIViewAnimator;
			sourceTree = "<group>";
		};
/* End PBXGroup section */

/* Begin PBXHeadersBuildPhase section */
		3F4134431ED6C375009E8AC7 /* Headers */ = {
			isa = PBXHeadersBuildPhase;
			buildActionMask = 2147483647;
			files = (
				3F41344B1ED6C375009E8AC7 /* StarWars.h in Headers */,
			);
			runOnlyForDeploymentPostprocessing = 0;
		};
/* End PBXHeadersBuildPhase section */

/* Begin PBXNativeTarget section */
		3F4134451ED6C375009E8AC7 /* StarWars */ = {
			isa = PBXNativeTarget;
			buildConfigurationList = 3F41344E1ED6C375009E8AC7 /* Build configuration list for PBXNativeTarget "StarWars" */;
			buildPhases = (
				3F4134411ED6C375009E8AC7 /* Sources */,
				3F4134421ED6C375009E8AC7 /* Frameworks */,
				3F4134431ED6C375009E8AC7 /* Headers */,
				3F4134441ED6C375009E8AC7 /* Resources */,
			);
			buildRules = (
			);
			dependencies = (
			);
			name = StarWars;
			productName = StarWars;
			productReference = 3F4134461ED6C375009E8AC7 /* StarWars.framework */;
			productType = "com.apple.product-type.framework";
		};
/* End PBXNativeTarget section */

/* Begin PBXProject section */
		3F41343D1ED6C375009E8AC7 /* Project object */ = {
			isa = PBXProject;
			attributes = {
				LastUpgradeCheck = 0830;
				ORGANIZATIONNAME = hezhaolin;
				TargetAttributes = {
					3F4134451ED6C375009E8AC7 = {
						CreatedOnToolsVersion = 8.3.1;
						ProvisioningStyle = Automatic;
					};
				};
			};
			buildConfigurationList = 3F4134401ED6C375009E8AC7 /* Build configuration list for PBXProject "StarWars" */;
			compatibilityVersion = "Xcode 3.2";
			developmentRegion = English;
			hasScannedForEncodings = 0;
			knownRegions = (
				en,
			);
			mainGroup = 3F41343C1ED6C375009E8AC7;
			productRefGroup = 3F4134471ED6C375009E8AC7 /* Products */;
			projectDirPath = "";
			projectRoot = "";
			targets = (
				3F4134451ED6C375009E8AC7 /* StarWars */,
			);
		};
/* End PBXProject section */

/* Begin PBXResourcesBuildPhase section */
		3F4134441ED6C375009E8AC7 /* Resources */ = {
			isa = PBXResourcesBuildPhase;
			buildActionMask = 2147483647;
			files = (
			);
			runOnlyForDeploymentPostprocessing = 0;
		};
/* End PBXResourcesBuildPhase section */

/* Begin PBXSourcesBuildPhase section */
		3F4134411ED6C375009E8AC7 /* Sources */ = {
			isa = PBXSourcesBuildPhase;
			buildActionMask = 2147483647;
			files = (
				3F41345C1ED6C398009E8AC7 /* SpriteRender.swift in Sources */,
				3F41345E1ED6C398009E8AC7 /* Vector2.swift in Sources */,
				3F41345D1ED6C398009E8AC7 /* StarWarsGLAnimator.swift in Sources */,
				3F4134601ED6C398009E8AC7 /* StarWarsUIDynamicAnimator.swift in Sources */,
				3F4134611ED6C398009E8AC7 /* StarWarsUIViewAnimator.swift in Sources */,
				3F41345F1ED6C398009E8AC7 /* ViewTexture.swift in Sources */,
				3F41345B1ED6C398009E8AC7 /* Sprite.swift in Sources */,
			);
			runOnlyForDeploymentPostprocessing = 0;
		};
/* End PBXSourcesBuildPhase section */

/* Begin XCBuildConfiguration section */
		3F41344C1ED6C375009E8AC7 /* Debug */ = {
			isa = XCBuildConfiguration;
			buildSettings = {
				ALWAYS_SEARCH_USER_PATHS = NO;
				CLANG_ANALYZER_NONNULL = YES;
				CLANG_ANALYZER_NUMBER_OBJECT_CONVERSION = YES_AGGRESSIVE;
				CLANG_CXX_LANGUAGE_STANDARD = "gnu++0x";
				CLANG_CXX_LIBRARY = "libc++";
				CLANG_ENABLE_MODULES = YES;
				CLANG_ENABLE_OBJC_ARC = YES;
				CLANG_WARN_BOOL_CONVERSION = YES;
				CLANG_WARN_CONSTANT_CONVERSION = YES;
				CLANG_WARN_DIRECT_OBJC_ISA_USAGE = YES_ERROR;
				CLANG_WARN_DOCUMENTATION_COMMENTS = YES;
				CLANG_WARN_EMPTY_BODY = YES;
				CLANG_WARN_ENUM_CONVERSION = YES;
				CLANG_WARN_INFINITE_RECURSION = YES;
				CLANG_WARN_INT_CONVERSION = YES;
				CLANG_WARN_OBJC_ROOT_CLASS = YES_ERROR;
				CLANG_WARN_SUSPICIOUS_MOVE = YES;
				CLANG_WARN_UNREACHABLE_CODE = YES;
				CLANG_WARN__DUPLICATE_METHOD_MATCH = YES;
				"CODE_SIGN_IDENTITY[sdk=iphoneos*]" = "iPhone Developer";
				COPY_PHASE_STRIP = NO;
				CURRENT_PROJECT_VERSION = 1;
				DEBUG_INFORMATION_FORMAT = dwarf;
				ENABLE_STRICT_OBJC_MSGSEND = YES;
				ENABLE_TESTABILITY = YES;
				GCC_C_LANGUAGE_STANDARD = gnu99;
				GCC_DYNAMIC_NO_PIC = NO;
				GCC_NO_COMMON_BLOCKS = YES;
				GCC_OPTIMIZATION_LEVEL = 0;
				GCC_PREPROCESSOR_DEFINITIONS = (
					"DEBUG=1",
					"$(inherited)",
				);
				GCC_WARN_64_TO_32_BIT_CONVERSION = YES;
				GCC_WARN_ABOUT_RETURN_TYPE = YES_ERROR;
				GCC_WARN_UNDECLARED_SELECTOR = YES;
				GCC_WARN_UNINITIALIZED_AUTOS = YES_AGGRESSIVE;
				GCC_WARN_UNUSED_FUNCTION = YES;
				GCC_WARN_UNUSED_VARIABLE = YES;
				IPHONEOS_DEPLOYMENT_TARGET = 10.3;
				MTL_ENABLE_DEBUG_INFO = YES;
				ONLY_ACTIVE_ARCH = YES;
				SDKROOT = iphoneos;
				SWIFT_ACTIVE_COMPILATION_CONDITIONS = DEBUG;
				SWIFT_OPTIMIZATION_LEVEL = "-Onone";
				TARGETED_DEVICE_FAMILY = "1,2";
				VERSIONING_SYSTEM = "apple-generic";
				VERSION_INFO_PREFIX = "";
			};
			name = Debug;
		};
		3F41344D1ED6C375009E8AC7 /* Release */ = {
			isa = XCBuildConfiguration;
			buildSettings = {
				ALWAYS_SEARCH_USER_PATHS = NO;
				CLANG_ANALYZER_NONNULL = YES;
				CLANG_ANALYZER_NUMBER_OBJECT_CONVERSION = YES_AGGRESSIVE;
				CLANG_CXX_LANGUAGE_STANDARD = "gnu++0x";
				CLANG_CXX_LIBRARY = "libc++";
				CLANG_ENABLE_MODULES = YES;
				CLANG_ENABLE_OBJC_ARC = YES;
				CLANG_WARN_BOOL_CONVERSION = YES;
				CLANG_WARN_CONSTANT_CONVERSION = YES;
				CLANG_WARN_DIRECT_OBJC_ISA_USAGE = YES_ERROR;
				CLANG_WARN_DOCUMENTATION_COMMENTS = YES;
				CLANG_WARN_EMPTY_BODY = YES;
				CLANG_WARN_ENUM_CONVERSION = YES;
				CLANG_WARN_INFINITE_RECURSION = YES;
				CLANG_WARN_INT_CONVERSION = YES;
				CLANG_WARN_OBJC_ROOT_CLASS = YES_ERROR;
				CLANG_WARN_SUSPICIOUS_MOVE = YES;
				CLANG_WARN_UNREACHABLE_CODE = YES;
				CLANG_WARN__DUPLICATE_METHOD_MATCH = YES;
				"CODE_SIGN_IDENTITY[sdk=iphoneos*]" = "iPhone Developer";
				COPY_PHASE_STRIP = NO;
				CURRENT_PROJECT_VERSION = 1;
				DEBUG_INFORMATION_FORMAT = "dwarf-with-dsym";
				ENABLE_NS_ASSERTIONS = NO;
				ENABLE_STRICT_OBJC_MSGSEND = YES;
				GCC_C_LANGUAGE_STANDARD = gnu99;
				GCC_NO_COMMON_BLOCKS = YES;
				GCC_WARN_64_TO_32_BIT_CONVERSION = YES;
				GCC_WARN_ABOUT_RETURN_TYPE = YES_ERROR;
				GCC_WARN_UNDECLARED_SELECTOR = YES;
				GCC_WARN_UNINITIALIZED_AUTOS = YES_AGGRESSIVE;
				GCC_WARN_UNUSED_FUNCTION = YES;
				GCC_WARN_UNUSED_VARIABLE = YES;
				IPHONEOS_DEPLOYMENT_TARGET = 10.3;
				MTL_ENABLE_DEBUG_INFO = NO;
				SDKROOT = iphoneos;
				SWIFT_OPTIMIZATION_LEVEL = "-Owholemodule";
				TARGETED_DEVICE_FAMILY = "1,2";
				VALIDATE_PRODUCT = YES;
				VERSIONING_SYSTEM = "apple-generic";
				VERSION_INFO_PREFIX = "";
			};
			name = Release;
		};
		3F41344F1ED6C375009E8AC7 /* Debug */ = {
			isa = XCBuildConfiguration;
			buildSettings = {
				CODE_SIGN_IDENTITY = "";
				DEFINES_MODULE = YES;
				DYLIB_COMPATIBILITY_VERSION = 1;
				DYLIB_CURRENT_VERSION = 1;
				DYLIB_INSTALL_NAME_BASE = "@rpath";
				INFOPLIST_FILE = StarWars/Info.plist;
				INSTALL_PATH = "$(LOCAL_LIBRARY_DIR)/Frameworks";
				LD_RUNPATH_SEARCH_PATHS = "$(inherited) @executable_path/Frameworks @loader_path/Frameworks";
				PRODUCT_BUNDLE_IDENTIFIER = com.tencent.StarWars;
				PRODUCT_NAME = "$(TARGET_NAME)";
				SKIP_INSTALL = YES;
				SWIFT_VERSION = 3.0;
			};
			name = Debug;
		};
		3F4134501ED6C375009E8AC7 /* Release */ = {
			isa = XCBuildConfiguration;
			buildSettings = {
				CODE_SIGN_IDENTITY = "";
				DEFINES_MODULE = YES;
				DYLIB_COMPATIBILITY_VERSION = 1;
				DYLIB_CURRENT_VERSION = 1;
				DYLIB_INSTALL_NAME_BASE = "@rpath";
				INFOPLIST_FILE = StarWars/Info.plist;
				INSTALL_PATH = "$(LOCAL_LIBRARY_DIR)/Frameworks";
				LD_RUNPATH_SEARCH_PATHS = "$(inherited) @executable_path/Frameworks @loader_path/Frameworks";
				PRODUCT_BUNDLE_IDENTIFIER = com.tencent.StarWars;
				PRODUCT_NAME = "$(TARGET_NAME)";
				SKIP_INSTALL = YES;
				SWIFT_VERSION = 3.0;
			};
			name = Release;
		};
/* End XCBuildConfiguration section */

/* Begin XCConfigurationList section */
		3F4134401ED6C375009E8AC7 /* Build configuration list for PBXProject "StarWars" */ = {
			isa = XCConfigurationList;
			buildConfigurations = (
				3F41344C1ED6C375009E8AC7 /* Debug */,
				3F41344D1ED6C375009E8AC7 /* Release */,
			);
			defaultConfigurationIsVisible = 0;
			defaultConfigurationName = Release;
		};
		3F41344E1ED6C375009E8AC7 /* Build configuration list for PBXNativeTarget "StarWars" */ = {
			isa = XCConfigurationList;
			buildConfigurations = (
				3F41344F1ED6C375009E8AC7 /* Debug */,
				3F4134501ED6C375009E8AC7 /* Release */,
			);
			defaultConfigurationIsVisible = 0;
		};
/* End XCConfigurationList section */
	};
	rootObject = 3F41343D1ED6C375009E8AC7 /* Project object */;
}
